
Microsoft Visual Studio Solution File, Format Version 12.00
# Visual Studio Version 17
VisualStudioVersion = 17.6.33712.159
MinimumVisualStudioVersion = 10.0.40219.1
Project("{FAE04EC0-301F-11D3-BF4B-00C04F79EFBC}") = "DalTest", "DalTest\DalTest.csproj", "{EE93A6E3-728D-424F-B758-38802F9261B6}"
EndProject
Project("{FAE04EC0-301F-11D3-BF4B-00C04F79EFBC}") = "DalFacade", "DalFacade\DalFacade.csproj", "{6FC5B6F3-8755-4677-B4D0-1A2C6B029B3D}"
EndProject
Project("{FAE04EC0-301F-11D3-BF4B-00C04F79EFBC}") = "DalList", "DalList\DalList.csproj", "{7C4E4CF7-9B16-496A-BF82-7C85D4041073}"
EndProject
Global
	GlobalSection(SolutionConfigurationPlatforms) = preSolution
		Debug|Any CPU = Debug|Any CPU
		Release|Any CPU = Release|Any CPU
	EndGlobalSection
	GlobalSection(ProjectConfigurationPlatforms) = postSolution
		{EE93A6E3-728D-424F-B758-38802F9261B6}.Debug|Any CPU.ActiveCfg = Debug|Any CPU
		{EE93A6E3-728D-424F-B758-38802F9261B6}.Debug|Any CPU.Build.0 = Debug|Any CPU
		{EE93A6E3-728D-424F-B758-38802F9261B6}.Release|Any CPU.ActiveCfg = Release|Any CPU
		{EE93A6E3-728D-424F-B758-38802F9261B6}.Release|Any CPU.Build.0 = Release|Any CPU
		{6FC5B6F3-8755-4677-B4D0-1A2C6B029B3D}.Debug|Any CPU.ActiveCfg = Debug|Any CPU
		{6FC5B6F3-8755-4677-B4D0-1A2C6B029B3D}.Debug|Any CPU.Build.0 = Debug|Any CPU
		{6FC5B6F3-8755-4677-B4D0-1A2C6B029B3D}.Release|Any CPU.ActiveCfg = Release|Any CPU
		{6FC5B6F3-8755-4677-B4D0-1A2C6B029B3D}.Release|Any CPU.Build.0 = Release|Any CPU
		{7C4E4CF7-9B16-496A-BF82-7C85D4041073}.Debug|Any CPU.ActiveCfg = Debug|Any CPU
		{7C4E4CF7-9B16-496A-BF82-7C85D4041073}.Debug|Any CPU.Build.0 = Debug|Any CPU
		{7C4E4CF7-9B16-496A-BF82-7C85D4041073}.Release|Any CPU.ActiveCfg = Release|Any CPU
		{7C4E4CF7-9B16-496A-BF82-7C85D4041073}.Release|Any CPU.Build.0 = Release|Any CPU
	EndGlobalSection
	GlobalSection(SolutionProperties) = preSolution
		HideSolutionNode = FALSE
	EndGlobalSection
	GlobalSection(ExtensibilityGlobals) = postSolution
		SolutionGuid = {E9D3ABBF-EE9F-4D73-A29E-2C0F2D3D22E4}
	EndGlobalSection
EndGlobal
